{
  "lockfileVersion": 1,
  "configVersion": 1,
  "workspaces": {
    "": {
      "name": "@postfmly/logoserver",
      "dependencies": {
        "get-port": "^7.2.0",
        "http-status": "^2.1.0",
      },
      "devDependencies": {
        "@types/ms": "^2.1.0",
        "lcov-total": "^2.1.1",
        "ms": "^2.1.3",
        "rimraf": "^6.1.3",
        "valibot": "^1.4.1",
      },
      "peerDependencies": {
        "@postfmly/config": "^1.3.0",
        "@postfmly/logger": "^1.0.12",
      },
    },
  },
  "overrides": {
    "typescript": "^6.0.3",
  },
  "packages": {
    "@biomejs/biome": ["@biomejs/biome@2.4.15", "https://npm.postfmly.com/@biomejs/biome/-/biome-2.4.15.tgz", { "optionalDependencies": { "@biomejs/cli-darwin-arm64": "2.4.15", "@biomejs/cli-darwin-x64": "2.4.15", "@biomejs/cli-linux-arm64": "2.4.15", "@biomejs/cli-linux-arm64-musl": "2.4.15", "@biomejs/cli-linux-x64": "2.4.15", "@biomejs/cli-linux-x64-musl": "2.4.15", "@biomejs/cli-win32-arm64": "2.4.15", "@biomejs/cli-win32-x64": "2.4.15" }, "bin": { "biome": "bin/biome" } }, "sha512-j5VH3a/h/HXTKBM50MDMxRCzkeLv9S2XJcW2WgnZT1+xyisi+0bISrXR82gCX+8S9lvK0skEvHJRN+3Ktr2hlw=="],

    "@biomejs/cli-darwin-arm64": ["@biomejs/cli-darwin-arm64@2.4.15", "https://npm.postfmly.com/@biomejs/cli-darwin-arm64/-/cli-darwin-arm64-2.4.15.tgz", { "os": "darwin", "cpu": "arm64" }, "sha512-rF3PPqLq1yoST79zaQbDjVJwsuIeci/O+9bgNmC5QpgOqz6aqYuzA4abyAGx+mgyiDXn4A049xAN8gijbuR1Qg=="],

    "@biomejs/cli-darwin-x64": ["@biomejs/cli-darwin-x64@2.4.15", "https://npm.postfmly.com/@biomejs/cli-darwin-x64/-/cli-darwin-x64-2.4.15.tgz", { "os": "darwin", "cpu": "x64" }, "sha512-/5KHXYMfSJs1fNXiX30xFtI8JcCFV6zaVVLxOa0M2sfqBKHkpQhRTv94yxQWxeTY2lzo2OuTlNvPC+hDQt2wcQ=="],

    "@biomejs/cli-linux-arm64": ["@biomejs/cli-linux-arm64@2.4.15", "https://npm.postfmly.com/@biomejs/cli-linux-arm64/-/cli-linux-arm64-2.4.15.tgz", { "os": "linux", "cpu": "arm64" }, "sha512-owaAMZD/T4LrD0ELNCk0Km3qrRHuM0X6EAyVE1FSqGY0rbLoiDLrO4Us2tllm6cAeB2Ioa9C2C08NZPdr8+0Ug=="],

    "@biomejs/cli-linux-arm64-musl": ["@biomejs/cli-linux-arm64-musl@2.4.15", "https://npm.postfmly.com/@biomejs/cli-linux-arm64-musl/-/cli-linux-arm64-musl-2.4.15.tgz", { "os": "linux", "cpu": "arm64" }, "sha512-ZPcxznxm0pogHBLZhYntyR3sR+MrZjqJIKEr7ZqVen0Rl+P/4upVmfYXjftizi9RoqZntg33fv/1fbdhbYXpEQ=="],

    "@biomejs/cli-linux-x64": ["@biomejs/cli-linux-x64@2.4.15", "https://npm.postfmly.com/@biomejs/cli-linux-x64/-/cli-linux-x64-2.4.15.tgz", { "os": "linux", "cpu": "x64" }, "sha512-0jj7THz12GbUOLmMibktK6DZjqz2zV64KFxyBtcFTKPiiOIY0a7vns1elpO1dERvxpsZ5ik0oFfz0oGwFde1+g=="],

    "@biomejs/cli-linux-x64-musl": ["@biomejs/cli-linux-x64-musl@2.4.15", "https://npm.postfmly.com/@biomejs/cli-linux-x64-musl/-/cli-linux-x64-musl-2.4.15.tgz", { "os": "linux", "cpu": "x64" }, "sha512-CNq/9W38SYSH023lfcQ4KKU8K0YX8T//FZUhcgtMMRABDojx5XsMV7jlweAvGSl389wJQB29Qo6Zb/a+jdvt+w=="],

    "@biomejs/cli-win32-arm64": ["@biomejs/cli-win32-arm64@2.4.15", "https://npm.postfmly.com/@biomejs/cli-win32-arm64/-/cli-win32-arm64-2.4.15.tgz", { "os": "win32", "cpu": "arm64" }, "sha512-ouhkYdlhp/1GghEJPdWwD/Vi3gQ1nFxuSpMolWsbq3Lsq3QUR4jl6UdhhscdCugKU5vOEuMiJhvKj66O0OCq+w=="],

    "@biomejs/cli-win32-x64": ["@biomejs/cli-win32-x64@2.4.15", "https://npm.postfmly.com/@biomejs/cli-win32-x64/-/cli-win32-x64-2.4.15.tgz", { "os": "win32", "cpu": "x64" }, "sha512-zBrGq5mx5wwpnow4+2BxUvleDM+GNd4sLbPaMapsSLQLD0NGRCquqPBTgN+7XkUteHvj7M+BstuI8tmnV7+HgQ=="],

    "@postfmly/config": ["@postfmly/config@1.3.0", "https://npm.postfmly.com/@postfmly/config/-/config-1.3.0.tgz", { "peerDependencies": { "@biomejs/biome": "^2.4.15", "@types/bun": "^1.3.14", "@types/node": "^25.9.1", "globals": "^17.6.0", "typescript": "^6.0.3" }, "bin": { "link-configs": "bin/link", "mount-node-modules": "bin/node_modules" } }, "sha512-LsOiTymzqqPdgvi53ns7sciGTpCBoZlM79nYSfHZLuO4DYdJWkHR7hEWieJMne7Q0RB3UFTqwQ4Hgkmf4BKWIw=="],

    "@postfmly/logger": ["@postfmly/logger@1.0.12", "https://npm.postfmly.com/@postfmly/logger/-/logger-1.0.12.tgz", { "dependencies": { "browser-or-node": "^3.0.0", "dayjs": "^1.11.21", "picocolors": "^1.1.1" }, "peerDependencies": { "@postfmly/config": "^1.3.0" } }, "sha512-e+/malqcDTiIYudt/2b3W0pVfInbT8CmwwGl0Ss92mn9BFGzTnQeFxIgnl4PYy74gWGHtb+y09GSNzm8CZySKA=="],

    "@types/bun": ["@types/bun@1.3.14", "https://npm.postfmly.com/@types/bun/-/bun-1.3.14.tgz", { "dependencies": { "bun-types": "1.3.14" } }, "sha512-h1hFqFVcvAvD9j9K7ZW7vd82aSA+rTdznZa+5bwvCwqSB1jmmfLcbIWhOLx1/+boy/xmjgCs/OMUL8hRJSmnPw=="],

    "@types/ms": ["@types/ms@2.1.0", "https://npm.postfmly.com/@types/ms/-/ms-2.1.0.tgz", {}, "sha512-GsCCIZDE/p3i96vtEqx+7dBUGXrc7zeSK3wwPHIaRThS+9OhWIXRqzs4d6k1SVU8g91DrNRWxWUGhp5KXQb2VA=="],

    "@types/node": ["@types/node@25.9.1", "https://npm.postfmly.com/@types/node/-/node-25.9.1.tgz", { "dependencies": { "undici-types": ">=7.24.0 <7.24.7" } }, "sha512-xfrlY7UD5rMJk3ZVJP8BNzS28J36YJg+xp+LPXV1TdWxr8uMH5A860QNxYDGQe/ylDSgjxE52Q9VnO7p75tJxg=="],

    "balanced-match": ["balanced-match@4.0.4", "https://npm.postfmly.com/balanced-match/-/balanced-match-4.0.4.tgz", {}, "sha512-BLrgEcRTwX2o6gGxGOCNyMvGSp35YofuYzw9h1IMTRmKqttAZZVU67bdb9Pr2vUHA8+j3i2tJfjO6C6+4myGTA=="],

    "brace-expansion": ["brace-expansion@5.0.6", "https://npm.postfmly.com/brace-expansion/-/brace-expansion-5.0.6.tgz", { "dependencies": { "balanced-match": "^4.0.2" } }, "sha512-kLpxurY4Z4r9sgMsyG0Z9uzsBlgiU/EFKhj/h91/8yHu0edo7XuixOIH3VcJ8kkxs6/jPzoI6U9Vj3WqbMQ94g=="],

    "browser-or-node": ["browser-or-node@3.0.0", "https://npm.postfmly.com/browser-or-node/-/browser-or-node-3.0.0.tgz", {}, "sha512-iczIdVJzGEYhP5DqQxYM9Hh7Ztpqqi+CXZpSmX8ALFs9ecXkQIeqRyM6TfxEfMVpwhl3dSuDvxdzzo9sUOIVBQ=="],

    "bun-types": ["bun-types@1.3.14", "https://npm.postfmly.com/bun-types/-/bun-types-1.3.14.tgz", { "dependencies": { "@types/node": "*" } }, "sha512-4N0ig0fEomHt5R0KCFWjovxow98rIoRwKolrYdCcknNwMekCXRnWEUvgu5soYV8QXtVsrUD8B95MBOZGPvr6KQ=="],

    "dayjs": ["dayjs@1.11.21", "https://npm.postfmly.com/dayjs/-/dayjs-1.11.21.tgz", {}, "sha512-98IT+HOahAisibz/yjKbzuOBwYcjJ7BCLPzARyHiyEBmRz4fatF+KPJszEHXsGYjUG234aH/cOjW1wwTbKUZlA=="],

    "get-port": ["get-port@7.2.0", "https://npm.postfmly.com/get-port/-/get-port-7.2.0.tgz", {}, "sha512-afP4W205ONCuMoPBqcR6PSXnzX35KTcJygfJfcp+QY+uwm3p20p1YczWXhlICIzGMCxYBQcySEcOgsJcrkyobg=="],

    "glob": ["glob@13.0.6", "https://npm.postfmly.com/glob/-/glob-13.0.6.tgz", { "dependencies": { "minimatch": "^10.2.2", "minipass": "^7.1.3", "path-scurry": "^2.0.2" } }, "sha512-Wjlyrolmm8uDpm/ogGyXZXb1Z+Ca2B8NbJwqBVg0axK9GbBeoS7yGV6vjXnYdGm6X53iehEuxxbyiKp8QmN4Vw=="],

    "globals": ["globals@17.6.0", "https://npm.postfmly.com/globals/-/globals-17.6.0.tgz", {}, "sha512-sepffkT8stwnIYbsMBpoCHJuJM5l98FUF2AnE07hfvE0m/qp3R586hw4jF4uadbhvg1ooIdzuu7CsfD2jzCaNA=="],

    "http-status": ["http-status@2.1.0", "https://npm.postfmly.com/http-status/-/http-status-2.1.0.tgz", {}, "sha512-O5kPr7AW7wYd/BBiOezTwnVAnmSNFY+J7hlZD2X5IOxVBetjcHAiTXhzj0gMrnojQlwy+UT1/Y3H3vJ3UlmvLA=="],

    "lcov-total": ["lcov-total@2.1.1", "https://npm.postfmly.com/lcov-total/-/lcov-total-2.1.1.tgz", { "bin": { "lcov-total": "bin/cmd.js" } }, "sha512-PHk0K1N4TVAZErw4uxeinmJnJn3OL7k4C1QK+Cjua4pLKZ8hMiB1ABc2p7NgpNMXo37P97F2UobMkt1//aS72Q=="],

    "lru-cache": ["lru-cache@11.5.0", "https://npm.postfmly.com/lru-cache/-/lru-cache-11.5.0.tgz", {}, "sha512-5YgH9UJd7wVb9hIouI2adWpgqrrICkt070Dnj8EUY1+B4B2P9eRLPAkAAo6NICA7CEhOIeBHl46u9zSNpNu7zA=="],

    "minimatch": ["minimatch@10.2.5", "https://npm.postfmly.com/minimatch/-/minimatch-10.2.5.tgz", { "dependencies": { "brace-expansion": "^5.0.5" } }, "sha512-MULkVLfKGYDFYejP07QOurDLLQpcjk7Fw+7jXS2R2czRQzR56yHRveU5NDJEOviH+hETZKSkIk5c+T23GjFUMg=="],

    "minipass": ["minipass@7.1.3", "https://npm.postfmly.com/minipass/-/minipass-7.1.3.tgz", {}, "sha512-tEBHqDnIoM/1rXME1zgka9g6Q2lcoCkxHLuc7ODJ5BxbP5d4c2Z5cGgtXAku59200Cx7diuHTOYfSBD8n6mm8A=="],

    "ms": ["ms@2.1.3", "https://npm.postfmly.com/ms/-/ms-2.1.3.tgz", {}, "sha512-6FlzubTLZG3J2a/NVCAleEhjzq5oxgHyaCU9yYXvcLsvoVaHJq/s5xXI6/XXP6tz7R9xAOtHnSO/tXtF3WRTlA=="],

    "package-json-from-dist": ["package-json-from-dist@1.0.1", "https://npm.postfmly.com/package-json-from-dist/-/package-json-from-dist-1.0.1.tgz", {}, "sha512-UEZIS3/by4OC8vL3P2dTXRETpebLI2NiI5vIrjaD/5UtrkFX/tNbwjTSRAGC/+7CAo2pIcBaRgWmcBBHcsaCIw=="],

    "path-scurry": ["path-scurry@2.0.2", "https://npm.postfmly.com/path-scurry/-/path-scurry-2.0.2.tgz", { "dependencies": { "lru-cache": "^11.0.0", "minipass": "^7.1.2" } }, "sha512-3O/iVVsJAPsOnpwWIeD+d6z/7PmqApyQePUtCndjatj/9I5LylHvt5qluFaBT3I5h3r1ejfR056c+FCv+NnNXg=="],

    "picocolors": ["picocolors@1.1.1", "https://npm.postfmly.com/picocolors/-/picocolors-1.1.1.tgz", {}, "sha512-xceH2snhtb5M9liqDsmEw56le376mTZkEX/jEb/RxNFyegNul7eNslCXP9FDj/Lcu0X8KEyMceP2ntpaHrDEVA=="],

    "rimraf": ["rimraf@6.1.3", "https://npm.postfmly.com/rimraf/-/rimraf-6.1.3.tgz", { "dependencies": { "glob": "^13.0.3", "package-json-from-dist": "^1.0.1" }, "bin": { "rimraf": "dist/esm/bin.mjs" } }, "sha512-LKg+Cr2ZF61fkcaK1UdkH2yEBBKnYjTyWzTJT6KNPcSPaiT7HSdhtMXQuN5wkTX0Xu72KQ1l8S42rlmexS2hSA=="],

    "typescript": ["typescript@6.0.3", "https://npm.postfmly.com/typescript/-/typescript-6.0.3.tgz", { "bin": { "tsc": "bin/tsc", "tsserver": "bin/tsserver" } }, "sha512-y2TvuxSZPDyQakkFRPZHKFm+KKVqIisdg9/CZwm9ftvKXLP8NRWj38/ODjNbr43SsoXqNuAisEf1GdCxqWcdBw=="],

    "undici-types": ["undici-types@7.24.6", "https://npm.postfmly.com/undici-types/-/undici-types-7.24.6.tgz", {}, "sha512-WRNW+sJgj5OBN4/0JpHFqtqzhpbnV0GuB+OozA9gCL7a993SmU+1JBZCzLNxYsbMfIeDL+lTsphD5jN5N+n0zg=="],

    "valibot": ["valibot@1.4.1", "https://npm.postfmly.com/valibot/-/valibot-1.4.1.tgz", { "peerDependencies": { "typescript": ">=5" }, "optionalPeers": ["typescript"] }, "sha512-klCmFTz2jeDluy9RwX+F884TCiogtdBJ/YaxSx1EOBYXa3NXNWj8kR1jjN8rzluwojJVWWaHJ4r1U5LfICnM3g=="],
  }
}
